
Microsoft Visual Studio Solution File, Format Version 12.00
# Visual Studio Version 16
VisualStudioVersion = 16.0.31105.61
MinimumVisualStudioVersion = 10.0.40219.1
Project("{FAE04EC0-301F-11D3-BF4B-00C04F79EFBC}") = "Eduvisual.WebApi", "Eduvisual.WebApi\Eduvisual.WebApi.csproj", "{E7B759ED-6F62-4918-8469-D439BF89A62A}"
EndProject
Project("{FAE04EC0-301F-11D3-BF4B-00C04F79EFBC}") = "Eduvisual.Domain", "Eduvisual.Domain\Eduvisual.Domain.csproj", "{6C85B3D4-8DAE-4EA5-B394-B6355DB0A138}"
EndProject
Project("{FAE04EC0-301F-11D3-BF4B-00C04F79EFBC}") = "Eduvisual.Infrastructure", "Eduvisual.Infrastructure\Eduvisual.Infrastructure.csproj", "{25528AF6-F792-4FCE-9625-71BF525C7205}"
EndProject
Project("{FAE04EC0-301F-11D3-BF4B-00C04F79EFBC}") = "Eduvisual.CrossCutting", "Eduvisual.CrossCutting\Eduvisual.CrossCutting.csproj", "{61630692-5788-48BA-9654-1B4255047238}"
EndProject
Project("{FAE04EC0-301F-11D3-BF4B-00C04F79EFBC}") = "Eduvisual.Application", "Eduvisual.Application\Eduvisual.Application.csproj", "{D248AC73-A0B5-42B7-9122-EEBC57E6A748}"
EndProject
Global
	GlobalSection(SolutionConfigurationPlatforms) = preSolution
		Debug|Any CPU = Debug|Any CPU
		Release|Any CPU = Release|Any CPU
	EndGlobalSection
	GlobalSection(ProjectConfigurationPlatforms) = postSolution
		{E7B759ED-6F62-4918-8469-D439BF89A62A}.Debug|Any CPU.ActiveCfg = Debug|Any CPU
		{E7B759ED-6F62-4918-8469-D439BF89A62A}.Debug|Any CPU.Build.0 = Debug|Any CPU
		{E7B759ED-6F62-4918-8469-D439BF89A62A}.Release|Any CPU.ActiveCfg = Release|Any CPU
		{E7B759ED-6F62-4918-8469-D439BF89A62A}.Release|Any CPU.Build.0 = Release|Any CPU
		{6C85B3D4-8DAE-4EA5-B394-B6355DB0A138}.Debug|Any CPU.ActiveCfg = Debug|Any CPU
		{6C85B3D4-8DAE-4EA5-B394-B6355DB0A138}.Debug|Any CPU.Build.0 = Debug|Any CPU
		{6C85B3D4-8DAE-4EA5-B394-B6355DB0A138}.Release|Any CPU.ActiveCfg = Release|Any CPU
		{6C85B3D4-8DAE-4EA5-B394-B6355DB0A138}.Release|Any CPU.Build.0 = Release|Any CPU
		{25528AF6-F792-4FCE-9625-71BF525C7205}.Debug|Any CPU.ActiveCfg = Debug|Any CPU
		{25528AF6-F792-4FCE-9625-71BF525C7205}.Debug|Any CPU.Build.0 = Debug|Any CPU
		{25528AF6-F792-4FCE-9625-71BF525C7205}.Release|Any CPU.ActiveCfg = Release|Any CPU
		{25528AF6-F792-4FCE-9625-71BF525C7205}.Release|Any CPU.Build.0 = Release|Any CPU
		{61630692-5788-48BA-9654-1B4255047238}.Debug|Any CPU.ActiveCfg = Debug|Any CPU
		{61630692-5788-48BA-9654-1B4255047238}.Debug|Any CPU.Build.0 = Debug|Any CPU
		{61630692-5788-48BA-9654-1B4255047238}.Release|Any CPU.ActiveCfg = Release|Any CPU
		{61630692-5788-48BA-9654-1B4255047238}.Release|Any CPU.Build.0 = Release|Any CPU
		{D248AC73-A0B5-42B7-9122-EEBC57E6A748}.Debug|Any CPU.ActiveCfg = Debug|Any CPU
		{D248AC73-A0B5-42B7-9122-EEBC57E6A748}.Debug|Any CPU.Build.0 = Debug|Any CPU
		{D248AC73-A0B5-42B7-9122-EEBC57E6A748}.Release|Any CPU.ActiveCfg = Release|Any CPU
		{D248AC73-A0B5-42B7-9122-EEBC57E6A748}.Release|Any CPU.Build.0 = Release|Any CPU
	EndGlobalSection
	GlobalSection(SolutionProperties) = preSolution
		HideSolutionNode = FALSE
	EndGlobalSection
	GlobalSection(ExtensibilityGlobals) = postSolution
		SolutionGuid = {23BEA787-F278-4368-A83E-19D66BED7E7D}
	EndGlobalSection
EndGlobal
